<?xml version="1.0" encoding="utf-8"?>
<Project ToolsVersion="4.0" xmlns="http://schemas.microsoft.com/developer/msbuild/2003">
  <ItemGroup>
    <ClInclude Include="network.h" />
    <ClInclude Include="thread.h" />
    <ClInclude Include="Packet.h" />
    <ClInclude Include="enum.h" />
    <ClInclude Include="ConnectionDenialReason.h" />
    <ClInclude Include="mc\world\World.h" />
    <ClInclude Include="mc\MC.h" />
    <ClInclude Include="mc\render\WorldRenderer.h" />
    <ClInclude Include="mc\network\server\MCServer.h" />
    <ClInclude Include="mc\network\client\MCClient.h" />
    <ClInclude Include="mc\network\client\MCClientPacketHandler.h" />
    <ClInclude Include="mc\network\server\MCServerPacketHandler.h" />
    <ClInclude Include="web.h" />
    <ClInclude Include="DisconnectReason.h" />
    <ClInclude Include="mc\player\Player.h" />
    <ClInclude Include="mc\network\server\MCServerClient.h" />
    <ClInclude Include="mc\registry\TileRegistry.h" />
    <ClInclude Include="mc\network\server\world\WorldServer.h" />
    <ClInclude Include="mc\world\WorldGenerator.h" />
    <ClInclude Include="mc\player\Inventory.h" />
    <ClInclude Include="mc\registry\ItemRegistry.h" />
    <ClInclude Include="mc\gui\GuiMainMenu.h" />
    <ClInclude Include="mc\gui\Gui.h" />
    <ClInclude Include="mc\gui\InputText.h" />
  </ItemGroup>
  <ItemGroup>
    <ClCompile Include="network_win32.cpp" />
    <ClCompile Include="thread_win32.cpp" />
    <ClCompile Include="Packet.cpp" />
    <ClCompile Include="mc\world\World.cpp" />
    <ClCompile Include="mc\network\client\MCClient.cpp" />
    <ClCompile Include="mc\network\client\MCClientPacketHandler.cpp" />
    <ClCompile Include="mc\network\server\MCServer.cpp" />
    <ClCompile Include="mc\network\server\MCServerPacketHandler.cpp" />
    <ClCompile Include="web.cpp" />
    <ClCompile Include="DisconnectReason.cpp" />
    <ClCompile Include="ConnectionDenialReason.cpp" />
    <ClCompile Include="mc\player\Player.cpp" />
    <ClCompile Include="mc\MC.cpp" />
    <ClCompile Include="mc\network\server\world\WorldServer.cpp" />
    <ClCompile Include="mc\registry\TileRegistry.cpp" />
    <ClCompile Include="mc\world\WorldGenerator.cpp" />
    <ClCompile Include="mc\player\Inventory.cpp" />
    <ClCompile Include="mc\registry\ItemRegistry.cpp" />
    <ClCompile Include="mc\gui\GuiMainMenu.cpp" />
    <ClCompile Include="mc\gui\InputText.cpp" />
  </ItemGroup>
</Project>